
Microsoft Visual Studio Solution File, Format Version 12.00
# Visual Studio Version 16
VisualStudioVersion = 16.0.30717.126
MinimumVisualStudioVersion = 10.0.40219.1
Project("{FAE04EC0-301F-11D3-BF4B-00C04F79EFBC}") = "Entitled", "Entitled.csproj", "{8B305504-058D-4E79-B2A3-8A8304B44EA4}"
EndProject
Global
	GlobalSection(SolutionConfigurationPlatforms) = preSolution
		Debug|Any CPU = Debug|Any CPU
		Release|Any CPU = Release|Any CPU
	EndGlobalSection
	GlobalSection(ProjectConfigurationPlatforms) = postSolution
		{8B305504-058D-4E79-B2A3-8A8304B44EA4}.Debug|Any CPU.ActiveCfg = Debug|Any CPU
		{8B305504-058D-4E79-B2A3-8A8304B44EA4}.Debug|Any CPU.Build.0 = Debug|Any CPU
		{8B305504-058D-4E79-B2A3-8A8304B44EA4}.Release|Any CPU.ActiveCfg = Release|Any CPU
		{8B305504-058D-4E79-B2A3-8A8304B44EA4}.Release|Any CPU.Build.0 = Release|Any CPU
	EndGlobalSection
	GlobalSection(SolutionProperties) = preSolution
		HideSolutionNode = FALSE
	EndGlobalSection
	GlobalSection(ExtensibilityGlobals) = postSolution
		SolutionGuid = {8E15F617-E70C-4BDB-B882-CD5E98D43737}
	EndGlobalSection
EndGlobal
